// !$*UTF8*$!
{
	archiveVersion = 1;
	classes = {
	};
	objectVersion = 56;
	objects = {

/* Begin PBXBuildFile section */
		0B4152362F23F4AC0055B285 /* AnalyticsService.swift in Sources */ = {isa = PBXBuildFile; fileRef = 0B4152352F23F4AC0055B285 /* AnalyticsService.swift */; };
		0B4152402F2AB30C0055B285 /* URLHelper.swift in Sources */ = {isa = PBXBuildFile; fileRef = 0B41523F2F2AB30C0055B285 /* URLHelper.swift */; };
		0B55C31C2F156CEF002450AC /* Configuration.storekit in Resources */ = {isa = PBXBuildFile; fileRef = 0B55C31B2F156CEF002450AC /* Configuration.storekit */; };
		0B55C31E2F156E65002450AC /* RCPurchaseController.swift in Sources */ = {isa = PBXBuildFile; fileRef = 0B55C31D2F156E65002450AC /* RCPurchaseController.swift */; };
		0BE0DB7C2F08724900E9A51F /* Supabase in Frameworks */ = {isa = PBXBuildFile; productRef = G100000001 /* Supabase */; };
		0BE0DB7D2F08724900E9A51F /* RevenueCat in Frameworks */ = {isa = PBXBuildFile; productRef = G100000002 /* RevenueCat */; };
		0BE0DB7E2F08724900E9A51F /* SuperwallKit in Frameworks */ = {isa = PBXBuildFile; productRef = G100000003 /* SuperwallKit */; };
		0BE0DB7F2F08724900E9A51F /* Solar in Frameworks */ = {isa = PBXBuildFile; productRef = G100000004 /* Solar */; };
		0BE0DB812F0C179400E9A51F /* CormorantGaramond-Regular.ttf in Resources */ = {isa = PBXBuildFile; fileRef = 0BE0DB802F0C179400E9A51F /* CormorantGaramond-Regular.ttf */; };
		0BE0DB832F0C1E9D00E9A51F /* CormorantGaramond-Bold.ttf in Resources */ = {isa = PBXBuildFile; fileRef = 0BE0DB822F0C1E9D00E9A51F /* CormorantGaramond-Bold.ttf */; };
		3CB56BB60F755C28E604E14E /* RemindersService.swift in Sources */ = {isa = PBXBuildFile; fileRef = 5A5FA260592CFAC46C52E3B3 /* RemindersService.swift */; };
		49355FA825BDAF41A85C1C0B /* CachedAsyncImage.swift in Sources */ = {isa = PBXBuildFile; fileRef = 4F853AD733C6904D4BC205D8 /* CachedAsyncImage.swift */; };
		5F3DE165828436611C8A6F28 /* InstagramSharingService.swift in Sources */ = {isa = PBXBuildFile; fileRef = 15EBA746B08E56C5AD3F4F01 /* InstagramSharingService.swift */; };
		A100000001 /* DailyIDoApp.swift in Sources */ = {isa = PBXBuildFile; fileRef = B100000001 /* DailyIDoApp.swift */; };
		A100000002 /* AppDelegate.swift in Sources */ = {isa = PBXBuildFile; fileRef = B100000002 /* AppDelegate.swift */; };
		A100000003 /* User.swift in Sources */ = {isa = PBXBuildFile; fileRef = B100000003 /* User.swift */; };
		A100000004 /* Tip.swift in Sources */ = {isa = PBXBuildFile; fileRef = B100000004 /* Tip.swift */; };
		A100000005 /* ChecklistItem.swift in Sources */ = {isa = PBXBuildFile; fileRef = B100000005 /* ChecklistItem.swift */; };
		A100000006 /* RemotePopup.swift in Sources */ = {isa = PBXBuildFile; fileRef = B100000006 /* RemotePopup.swift */; };
		A100000007 /* AppConfig.swift in Sources */ = {isa = PBXBuildFile; fileRef = B100000007 /* AppConfig.swift */; };
		A100000008 /* SupabaseService.swift in Sources */ = {isa = PBXBuildFile; fileRef = B100000008 /* SupabaseService.swift */; };
		A100000009 /* AuthService.swift in Sources */ = {isa = PBXBuildFile; fileRef = B100000009 /* AuthService.swift */; };
		A100000010 /* TipService.swift in Sources */ = {isa = PBXBuildFile; fileRef = B100000010 /* TipService.swift */; };
		A100000011 /* StreakService.swift in Sources */ = {isa = PBXBuildFile; fileRef = B100000011 /* StreakService.swift */; };
		A100000012 /* NotificationService.swift in Sources */ = {isa = PBXBuildFile; fileRef = B100000012 /* NotificationService.swift */; };
		A100000013 /* LocationService.swift in Sources */ = {isa = PBXBuildFile; fileRef = B100000013 /* LocationService.swift */; };
		A100000014 /* SunsetService.swift in Sources */ = {isa = PBXBuildFile; fileRef = B100000014 /* SunsetService.swift */; };
		A100000015 /* SubscriptionService.swift in Sources */ = {isa = PBXBuildFile; fileRef = B100000015 /* SubscriptionService.swift */; };
		A100000016 /* Constants.swift in Sources */ = {isa = PBXBuildFile; fileRef = B100000016 /* Constants.swift */; };
		A100000017 /* HapticManager.swift in Sources */ = {isa = PBXBuildFile; fileRef = B100000017 /* HapticManager.swift */; };
		A100000018 /* DateHelpers.swift in Sources */ = {isa = PBXBuildFile; fileRef = B100000018 /* DateHelpers.swift */; };
		A100000019 /* OnboardingViewModel.swift in Sources */ = {isa = PBXBuildFile; fileRef = B100000019 /* OnboardingViewModel.swift */; };
		A100000020 /* CalendarViewModel.swift in Sources */ = {isa = PBXBuildFile; fileRef = B100000020 /* CalendarViewModel.swift */; };
		A100000021 /* ChecklistViewModel.swift in Sources */ = {isa = PBXBuildFile; fileRef = B100000021 /* ChecklistViewModel.swift */; };
		A100000022 /* SettingsViewModel.swift in Sources */ = {isa = PBXBuildFile; fileRef = B100000022 /* SettingsViewModel.swift */; };
		A100000023 /* PrimaryButton.swift in Sources */ = {isa = PBXBuildFile; fileRef = B100000023 /* PrimaryButton.swift */; };
		A100000024 /* TextInputField.swift in Sources */ = {isa = PBXBuildFile; fileRef = B100000024 /* TextInputField.swift */; };
		A100000025 /* LoadingSpinner.swift in Sources */ = {isa = PBXBuildFile; fileRef = B100000025 /* LoadingSpinner.swift */; };
		A100000026 /* CelebrationPopup.swift in Sources */ = {isa = PBXBuildFile; fileRef = B100000026 /* CelebrationPopup.swift */; };
		A100000027 /* RemotePopupView.swift in Sources */ = {isa = PBXBuildFile; fileRef = B100000027 /* RemotePopupView.swift */; };
		A100000028 /* PlacesAutocomplete.swift in Sources */ = {isa = PBXBuildFile; fileRef = B100000028 /* PlacesAutocomplete.swift */; };
		A100000029 /* OnboardingContainerView.swift in Sources */ = {isa = PBXBuildFile; fileRef = B100000029 /* OnboardingContainerView.swift */; };
		A100000030 /* WelcomeView.swift in Sources */ = {isa = PBXBuildFile; fileRef = B100000030 /* WelcomeView.swift */; };
		A100000031 /* NameInputView.swift in Sources */ = {isa = PBXBuildFile; fileRef = B100000031 /* NameInputView.swift */; };
		A100000032 /* DatePickerView.swift in Sources */ = {isa = PBXBuildFile; fileRef = B100000032 /* DatePickerView.swift */; };
		A100000033 /* LocationInputView.swift in Sources */ = {isa = PBXBuildFile; fileRef = B100000033 /* LocationInputView.swift */; };
		A100000034 /* TentedQuestionView.swift in Sources */ = {isa = PBXBuildFile; fileRef = B100000034 /* TentedQuestionView.swift */; };
		A100000036 /* NotificationPermissionView.swift in Sources */ = {isa = PBXBuildFile; fileRef = B100000036 /* NotificationPermissionView.swift */; };
		A100000037 /* PreparednessView.swift in Sources */ = {isa = PBXBuildFile; fileRef = B100000037 /* PreparednessView.swift */; };
		A100000038 /* RatingRequestView.swift in Sources */ = {isa = PBXBuildFile; fileRef = B100000038 /* RatingRequestView.swift */; };
		A100000039 /* LoadingView.swift in Sources */ = {isa = PBXBuildFile; fileRef = B100000039 /* LoadingView.swift */; };
		A100000040 /* PlanRevealView.swift in Sources */ = {isa = PBXBuildFile; fileRef = B100000040 /* PlanRevealView.swift */; };
		A100000041 /* CalendarView.swift in Sources */ = {isa = PBXBuildFile; fileRef = B100000041 /* CalendarView.swift */; };
		A100000042 /* TipCardView.swift in Sources */ = {isa = PBXBuildFile; fileRef = B100000042 /* TipCardView.swift */; };
		A100000043 /* TearAwayModifier.swift in Sources */ = {isa = PBXBuildFile; fileRef = B100000043 /* TearAwayModifier.swift */; };
		A100000044 /* ChecklistView.swift in Sources */ = {isa = PBXBuildFile; fileRef = B100000044 /* ChecklistView.swift */; };
		A100000045 /* ChecklistGroupView.swift in Sources */ = {isa = PBXBuildFile; fileRef = B100000045 /* ChecklistGroupView.swift */; };
		A100000046 /* ChecklistItemView.swift in Sources */ = {isa = PBXBuildFile; fileRef = B100000046 /* ChecklistItemView.swift */; };
		A100000047 /* SettingsView.swift in Sources */ = {isa = PBXBuildFile; fileRef = B100000047 /* SettingsView.swift */; };
		A100000048 /* Assets.xcassets in Resources */ = {isa = PBXBuildFile; fileRef = B100000048 /* Assets.xcassets */; };
		A100000060 /* RandomIllustrationService.swift in Sources */ = {isa = PBXBuildFile; fileRef = B100000060 /* RandomIllustrationService.swift */; };
		A100000061 /* ReferralSourceView.swift in Sources */ = {isa = PBXBuildFile; fileRef = B100000061 /* ReferralSourceView.swift */; };
		A100000062 /* LongEngagementTutorialView.swift in Sources */ = {isa = PBXBuildFile; fileRef = B100000062 /* LongEngagementTutorialView.swift */; };
		CC304584A069FE27C4B37244 /* IntroView.swift in Sources */ = {isa = PBXBuildFile; fileRef = 027044510D463EB67B88B213 /* IntroView.swift */; };
		E13FCC8D4C401ED648FF9D55 /* CouplePhotoUploadView.swift in Sources */ = {isa = PBXBuildFile; fileRef = DB78B11D747379C85191A0ED /* CouplePhotoUploadView.swift */; };
		E3E8E858039347BDFC0F3B4B /* MeetThePlannersView.swift in Sources */ = {isa = PBXBuildFile; fileRef = 5CB3C2771D1CF53FC8F1EC42 /* MeetThePlannersView.swift */; };
		E4FF6B303C8130B0B3C84A87 /* FunTip.swift in Sources */ = {isa = PBXBuildFile; fileRef = 841D4F19F6F50370F16F863E /* FunTip.swift */; };
		E88A57A002E8D4186534F7F6 /* TutorialView.swift in Sources */ = {isa = PBXBuildFile; fileRef = 3086DA4D425A2489A41FE768 /* TutorialView.swift */; };
/* End PBXBuildFile section */

/* Begin PBXFileReference section */
		027044510D463EB67B88B213 /* IntroView.swift */ = {isa = PBXFileReference; includeInIndex = 1; lastKnownFileType = sourcecode.swift; path = IntroView.swift; sourceTree = "<group>"; };
		0B4152352F23F4AC0055B285 /* AnalyticsService.swift */ = {isa = PBXFileReference; lastKnownFileType = sourcecode.swift; path = AnalyticsService.swift; sourceTree = "<group>"; };
		0B41523F2F2AB30C0055B285 /* URLHelper.swift */ = {isa = PBXFileReference; lastKnownFileType = sourcecode.swift; path = URLHelper.swift; sourceTree = "<group>"; };
		0B55C31B2F156CEF002450AC /* Configuration.storekit */ = {isa = PBXFileReference; lastKnownFileType = text; path = Configuration.storekit; sourceTree = "<group>"; };
		0B55C31D2F156E65002450AC /* RCPurchaseController.swift */ = {isa = PBXFileReference; lastKnownFileType = sourcecode.swift; path = RCPurchaseController.swift; sourceTree = "<group>"; };
		0BE0DB802F0C179400E9A51F /* CormorantGaramond-Regular.ttf */ = {isa = PBXFileReference; lastKnownFileType = file; path = "CormorantGaramond-Regular.ttf"; sourceTree = "<group>"; };
		0BE0DB822F0C1E9D00E9A51F /* CormorantGaramond-Bold.ttf */ = {isa = PBXFileReference; lastKnownFileType = file; path = "CormorantGaramond-Bold.ttf"; sourceTree = "<group>"; };
		15EBA746B08E56C5AD3F4F01 /* InstagramSharingService.swift */ = {isa = PBXFileReference; includeInIndex = 1; lastKnownFileType = sourcecode.swift; path = InstagramSharingService.swift; sourceTree = "<group>"; };
		3086DA4D425A2489A41FE768 /* TutorialView.swift */ = {isa = PBXFileReference; includeInIndex = 1; lastKnownFileType = sourcecode.swift; path = TutorialView.swift; sourceTree = "<group>"; };
		4F853AD733C6904D4BC205D8 /* CachedAsyncImage.swift */ = {isa = PBXFileReference; includeInIndex = 1; lastKnownFileType = sourcecode.swift; path = CachedAsyncImage.swift; sourceTree = "<group>"; };
		5A5FA260592CFAC46C52E3B3 /* RemindersService.swift */ = {isa = PBXFileReference; includeInIndex = 1; lastKnownFileType = sourcecode.swift; path = RemindersService.swift; sourceTree = "<group>"; };
		5CB3C2771D1CF53FC8F1EC42 /* MeetThePlannersView.swift */ = {isa = PBXFileReference; includeInIndex = 1; lastKnownFileType = sourcecode.swift; name = MeetThePlannersView.swift; path = DailyIDo/Views/Settings/MeetThePlannersView.swift; sourceTree = "<group>"; };
		841D4F19F6F50370F16F863E /* FunTip.swift */ = {isa = PBXFileReference; includeInIndex = 1; lastKnownFileType = sourcecode.swift; path = FunTip.swift; sourceTree = "<group>"; };
		B100000000 /* DailyIDo.app */ = {isa = PBXFileReference; explicitFileType = wrapper.application; includeInIndex = 0; path = DailyIDo.app; sourceTree = BUILT_PRODUCTS_DIR; };
		B100000001 /* DailyIDoApp.swift */ = {isa = PBXFileReference; lastKnownFileType = sourcecode.swift; path = DailyIDoApp.swift; sourceTree = "<group>"; };
		B100000002 /* AppDelegate.swift */ = {isa = PBXFileReference; lastKnownFileType = sourcecode.swift; path = AppDelegate.swift; sourceTree = "<group>"; };
		B100000003 /* User.swift */ = {isa = PBXFileReference; lastKnownFileType = sourcecode.swift; path = User.swift; sourceTree = "<group>"; };
		B100000004 /* Tip.swift */ = {isa = PBXFileReference; lastKnownFileType = sourcecode.swift; path = Tip.swift; sourceTree = "<group>"; };
		B100000005 /* ChecklistItem.swift */ = {isa = PBXFileReference; lastKnownFileType = sourcecode.swift; path = ChecklistItem.swift; sourceTree = "<group>"; };
		B100000006 /* RemotePopup.swift */ = {isa = PBXFileReference; lastKnownFileType = sourcecode.swift; path = RemotePopup.swift; sourceTree = "<group>"; };
		B100000007 /* AppConfig.swift */ = {isa = PBXFileReference; lastKnownFileType = sourcecode.swift; path = AppConfig.swift; sourceTree = "<group>"; };
		B100000008 /* SupabaseService.swift */ = {isa = PBXFileReference; lastKnownFileType = sourcecode.swift; path = SupabaseService.swift; sourceTree = "<group>"; };
		B100000009 /* AuthService.swift */ = {isa = PBXFileReference; lastKnownFileType = sourcecode.swift; path = AuthService.swift; sourceTree = "<group>"; };
		B100000010 /* TipService.swift */ = {isa = PBXFileReference; lastKnownFileType = sourcecode.swift; path = TipService.swift; sourceTree = "<group>"; };
		B100000011 /* StreakService.swift */ = {isa = PBXFileReference; lastKnownFileType = sourcecode.swift; path = StreakService.swift; sourceTree = "<group>"; };
		B100000012 /* NotificationService.swift */ = {isa = PBXFileReference; lastKnownFileType = sourcecode.swift; path = NotificationService.swift; sourceTree = "<group>"; };
		B100000013 /* LocationService.swift */ = {isa = PBXFileReference; lastKnownFileType = sourcecode.swift; path = LocationService.swift; sourceTree = "<group>"; };
		B100000014 /* SunsetService.swift */ = {isa = PBXFileReference; lastKnownFileType = sourcecode.swift; path = SunsetService.swift; sourceTree = "<group>"; };
		B100000015 /* SubscriptionService.swift */ = {isa = PBXFileReference; lastKnownFileType = sourcecode.swift; path = SubscriptionService.swift; sourceTree = "<group>"; };
		B100000016 /* Constants.swift */ = {isa = PBXFileReference; lastKnownFileType = sourcecode.swift; path = Constants.swift; sourceTree = "<group>"; };
		B100000017 /* HapticManager.swift */ = {isa = PBXFileReference; lastKnownFileType = sourcecode.swift; path = HapticManager.swift; sourceTree = "<group>"; };
		B100000018 /* DateHelpers.swift */ = {isa = PBXFileReference; lastKnownFileType = sourcecode.swift; path = DateHelpers.swift; sourceTree = "<group>"; };
		B100000019 /* OnboardingViewModel.swift */ = {isa = PBXFileReference; lastKnownFileType = sourcecode.swift; path = OnboardingViewModel.swift; sourceTree = "<group>"; };
		B100000020 /* CalendarViewModel.swift */ = {isa = PBXFileReference; lastKnownFileType = sourcecode.swift; path = CalendarViewModel.swift; sourceTree = "<group>"; };
		B100000021 /* ChecklistViewModel.swift */ = {isa = PBXFileReference; lastKnownFileType = sourcecode.swift; path = ChecklistViewModel.swift; sourceTree = "<group>"; };
		B100000022 /* SettingsViewModel.swift */ = {isa = PBXFileReference; lastKnownFileType = sourcecode.swift; path = SettingsViewModel.swift; sourceTree = "<group>"; };
		B100000023 /* PrimaryButton.swift */ = {isa = PBXFileReference; lastKnownFileType = sourcecode.swift; path = PrimaryButton.swift; sourceTree = "<group>"; };
		B100000024 /* TextInputField.swift */ = {isa = PBXFileReference; lastKnownFileType = sourcecode.swift; path = TextInputField.swift; sourceTree = "<group>"; };
		B100000025 /* LoadingSpinner.swift */ = {isa = PBXFileReference; lastKnownFileType = sourcecode.swift; path = LoadingSpinner.swift; sourceTree = "<group>"; };
		B100000026 /* CelebrationPopup.swift */ = {isa = PBXFileReference; lastKnownFileType = sourcecode.swift; path = CelebrationPopup.swift; sourceTree = "<group>"; };
		B100000027 /* RemotePopupView.swift */ = {isa = PBXFileReference; lastKnownFileType = sourcecode.swift; path = RemotePopupView.swift; sourceTree = "<group>"; };
		B100000028 /* PlacesAutocomplete.swift */ = {isa = PBXFileReference; lastKnownFileType = sourcecode.swift; path = PlacesAutocomplete.swift; sourceTree = "<group>"; };
		B100000029 /* OnboardingContainerView.swift */ = {isa = PBXFileReference; lastKnownFileType = sourcecode.swift; path = OnboardingContainerView.swift; sourceTree = "<group>"; };
		B100000030 /* WelcomeView.swift */ = {isa = PBXFileReference; lastKnownFileType = sourcecode.swift; path = WelcomeView.swift; sourceTree = "<group>"; };
		B100000031 /* NameInputView.swift */ = {isa = PBXFileReference; lastKnownFileType = sourcecode.swift; path = NameInputView.swift; sourceTree = "<group>"; };
		B100000032 /* DatePickerView.swift */ = {isa = PBXFileReference; lastKnownFileType = sourcecode.swift; path = DatePickerView.swift; sourceTree = "<group>"; };
		B100000033 /* LocationInputView.swift */ = {isa = PBXFileReference; lastKnownFileType = sourcecode.swift; path = LocationInputView.swift; sourceTree = "<group>"; };
		B100000034 /* TentedQuestionView.swift */ = {isa = PBXFileReference; lastKnownFileType = sourcecode.swift; path = TentedQuestionView.swift; sourceTree = "<group>"; };
		B100000036 /* NotificationPermissionView.swift */ = {isa = PBXFileReference; lastKnownFileType = sourcecode.swift; path = NotificationPermissionView.swift; sourceTree = "<group>"; };
		B100000037 /* PreparednessView.swift */ = {isa = PBXFileReference; lastKnownFileType = sourcecode.swift; path = PreparednessView.swift; sourceTree = "<group>"; };
		B100000038 /* RatingRequestView.swift */ = {isa = PBXFileReference; lastKnownFileType = sourcecode.swift; path = RatingRequestView.swift; sourceTree = "<group>"; };
		B100000039 /* LoadingView.swift */ = {isa = PBXFileReference; lastKnownFileType = sourcecode.swift; path = LoadingView.swift; sourceTree = "<group>"; };
		B100000040 /* PlanRevealView.swift */ = {isa = PBXFileReference; lastKnownFileType = sourcecode.swift; path = PlanRevealView.swift; sourceTree = "<group>"; };
		B100000041 /* CalendarView.swift */ = {isa = PBXFileReference; lastKnownFileType = sourcecode.swift; path = CalendarView.swift; sourceTree = "<group>"; };
		B100000042 /* TipCardView.swift */ = {isa = PBXFileReference; lastKnownFileType = sourcecode.swift; path = TipCardView.swift; sourceTree = "<group>"; };
		B100000043 /* TearAwayModifier.swift */ = {isa = PBXFileReference; lastKnownFileType = sourcecode.swift; path = TearAwayModifier.swift; sourceTree = "<group>"; };
		B100000044 /* ChecklistView.swift */ = {isa = PBXFileReference; lastKnownFileType = sourcecode.swift; path = ChecklistView.swift; sourceTree = "<group>"; };
		B100000045 /* ChecklistGroupView.swift */ = {isa = PBXFileReference; lastKnownFileType = sourcecode.swift; path = ChecklistGroupView.swift; sourceTree = "<group>"; };
		B100000046 /* ChecklistItemView.swift */ = {isa = PBXFileReference; lastKnownFileType = sourcecode.swift; path = ChecklistItemView.swift; sourceTree = "<group>"; };
		B100000047 /* SettingsView.swift */ = {isa = PBXFileReference; lastKnownFileType = sourcecode.swift; path = SettingsView.swift; sourceTree = "<group>"; };
		B100000048 /* Assets.xcassets */ = {isa = PBXFileReference; lastKnownFileType = folder.assetcatalog; path = Assets.xcassets; sourceTree = "<group>"; };
		B100000049 /* Info.plist */ = {isa = PBXFileReference; lastKnownFileType = text.plist.xml; path = Info.plist; sourceTree = "<group>"; };
		B100000060 /* RandomIllustrationService.swift */ = {isa = PBXFileReference; lastKnownFileType = sourcecode.swift; path = RandomIllustrationService.swift; sourceTree = "<group>"; };
		B100000061 /* ReferralSourceView.swift */ = {isa = PBXFileReference; lastKnownFileType = sourcecode.swift; path = ReferralSourceView.swift; sourceTree = "<group>"; };
		B100000062 /* LongEngagementTutorialView.swift */ = {isa = PBXFileReference; lastKnownFileType = sourcecode.swift; path = LongEngagementTutorialView.swift; sourceTree = "<group>"; };
		DB78B11D747379C85191A0ED /* CouplePhotoUploadView.swift */ = {isa = PBXFileReference; includeInIndex = 1; lastKnownFileType = sourcecode.swift; name = CouplePhotoUploadView.swift; path = DailyIDo/Views/Onboarding/CouplePhotoUploadView.swift; sourceTree = "<group>"; };
/* End PBXFileReference section */

/* Begin PBXFrameworksBuildPhase section */
		C100000001 /* Frameworks */ = {
			isa = PBXFrameworksBuildPhase;
			buildActionMask = 2147483647;
			files = (
				0BE0DB7F2F08724900E9A51F /* Solar in Frameworks */,
				0BE0DB7E2F08724900E9A51F /* SuperwallKit in Frameworks */,
				0BE0DB7D2F08724900E9A51F /* RevenueCat in Frameworks */,
				0BE0DB7C2F08724900E9A51F /* Supabase in Frameworks */,
			);
			runOnlyForDeploymentPostprocessing = 0;
		};
/* End PBXFrameworksBuildPhase section */

/* Begin PBXGroup section */
		D0AB24A5709B729758EFD483 /* Tutorial */ = {
			isa = PBXGroup;
			children = (
				3086DA4D425A2489A41FE768 /* TutorialView.swift */,
			);
			path = Tutorial;
			sourceTree = "<group>";
		};
		D100000001 = {
			isa = PBXGroup;
			children = (
				0BE0DB822F0C1E9D00E9A51F /* CormorantGaramond-Bold.ttf */,
				0BE0DB802F0C179400E9A51F /* CormorantGaramond-Regular.ttf */,
				0B55C31B2F156CEF002450AC /* Configuration.storekit */,
				0B55C31D2F156E65002450AC /* RCPurchaseController.swift */,
				D100000002 /* DailyIDo */,
				D100000003 /* Products */,
				5CB3C2771D1CF53FC8F1EC42 /* MeetThePlannersView.swift */,
				DB78B11D747379C85191A0ED /* CouplePhotoUploadView.swift */,
			);
			sourceTree = "<group>";
		};
		D100000002 /* DailyIDo */ = {
			isa = PBXGroup;
			children = (
				D100000004 /* App */,
				D100000005 /* Models */,
				D100000006 /* Services */,
				D100000007 /* ViewModels */,
				D100000008 /* Views */,
				D100000009 /* Utilities */,
				D100000010 /* Resources */,
				B100000049 /* Info.plist */,
			);
			path = DailyIDo;
			sourceTree = "<group>";
		};
		D100000003 /* Products */ = {
			isa = PBXGroup;
			children = (
				B100000000 /* DailyIDo.app */,
			);
			name = Products;
			sourceTree = "<group>";
		};
		D100000004 /* App */ = {
			isa = PBXGroup;
			children = (
				B100000001 /* DailyIDoApp.swift */,
				B100000002 /* AppDelegate.swift */,
			);
			path = App;
			sourceTree = "<group>";
		};
		D100000005 /* Models */ = {
			isa = PBXGroup;
			children = (
				B100000003 /* User.swift */,
				B100000004 /* Tip.swift */,
				B100000005 /* ChecklistItem.swift */,
				B100000006 /* RemotePopup.swift */,
				B100000007 /* AppConfig.swift */,
				841D4F19F6F50370F16F863E /* FunTip.swift */,
			);
			path = Models;
			sourceTree = "<group>";
		};
		D100000006 /* Services */ = {
			isa = PBXGroup;
			children = (
				0B4152352F23F4AC0055B285 /* AnalyticsService.swift */,
				B100000008 /* SupabaseService.swift */,
				B100000009 /* AuthService.swift */,
				B100000010 /* TipService.swift */,
				B100000011 /* StreakService.swift */,
				B100000060 /* RandomIllustrationService.swift */,
				B100000012 /* NotificationService.swift */,
				B100000013 /* LocationService.swift */,
				B100000014 /* SunsetService.swift */,
				B100000015 /* SubscriptionService.swift */,
				15EBA746B08E56C5AD3F4F01 /* InstagramSharingService.swift */,
				5A5FA260592CFAC46C52E3B3 /* RemindersService.swift */,
			);
			path = Services;
			sourceTree = "<group>";
		};
		D100000007 /* ViewModels */ = {
			isa = PBXGroup;
			children = (
				B100000019 /* OnboardingViewModel.swift */,
				B100000020 /* CalendarViewModel.swift */,
				B100000021 /* ChecklistViewModel.swift */,
				B100000022 /* SettingsViewModel.swift */,
			);
			path = ViewModels;
			sourceTree = "<group>";
		};
		D100000008 /* Views */ = {
			isa = PBXGroup;
			children = (
				D100000011 /* Components */,
				D100000012 /* Onboarding */,
				D100000013 /* Calendar */,
				D100000014 /* Checklist */,
				D100000015 /* Settings */,
				D0AB24A5709B729758EFD483 /* Tutorial */,
			);
			path = Views;
			sourceTree = "<group>";
		};
		D100000009 /* Utilities */ = {
			isa = PBXGroup;
			children = (
				0B41523F2F2AB30C0055B285 /* URLHelper.swift */,
				B100000016 /* Constants.swift */,
				B100000017 /* HapticManager.swift */,
				B100000018 /* DateHelpers.swift */,
			);
			path = Utilities;
			sourceTree = "<group>";
		};
		D100000010 /* Resources */ = {
			isa = PBXGroup;
			children = (
				B100000048 /* Assets.xcassets */,
			);
			path = Resources;
			sourceTree = "<group>";
		};
		D100000011 /* Components */ = {
			isa = PBXGroup;
			children = (
				B100000023 /* PrimaryButton.swift */,
				B100000024 /* TextInputField.swift */,
				B100000025 /* LoadingSpinner.swift */,
				B100000026 /* CelebrationPopup.swift */,
				B100000027 /* RemotePopupView.swift */,
				B100000028 /* PlacesAutocomplete.swift */,
				4F853AD733C6904D4BC205D8 /* CachedAsyncImage.swift */,
			);
			path = Components;
			sourceTree = "<group>";
		};
		D100000012 /* Onboarding */ = {
			isa = PBXGroup;
			children = (
				B100000029 /* OnboardingContainerView.swift */,
				B100000030 /* WelcomeView.swift */,
				B100000031 /* NameInputView.swift */,
				B100000032 /* DatePickerView.swift */,
				B100000033 /* LocationInputView.swift */,
				B100000034 /* TentedQuestionView.swift */,
				B100000061 /* ReferralSourceView.swift */,
				B100000062 /* LongEngagementTutorialView.swift */,
				B100000036 /* NotificationPermissionView.swift */,
				B100000037 /* PreparednessView.swift */,
				B100000038 /* RatingRequestView.swift */,
				B100000039 /* LoadingView.swift */,
				B100000040 /* PlanRevealView.swift */,
				027044510D463EB67B88B213 /* IntroView.swift */,
			);
			path = Onboarding;
			sourceTree = "<group>";
		};
		D100000013 /* Calendar */ = {
			isa = PBXGroup;
			children = (
				B100000041 /* CalendarView.swift */,
				B100000042 /* TipCardView.swift */,
				B100000043 /* TearAwayModifier.swift */,
			);
			path = Calendar;
			sourceTree = "<group>";
		};
		D100000014 /* Checklist */ = {
			isa = PBXGroup;
			children = (
				B100000044 /* ChecklistView.swift */,
				B100000045 /* ChecklistGroupView.swift */,
				B100000046 /* ChecklistItemView.swift */,
			);
			path = Checklist;
			sourceTree = "<group>";
		};
		D100000015 /* Settings */ = {
			isa = PBXGroup;
			children = (
				B100000047 /* SettingsView.swift */,
			);
			path = Settings;
			sourceTree = "<group>";
		};
/* End PBXGroup section */

/* Begin PBXNativeTarget section */
		E100000001 /* DailyIDo */ = {
			isa = PBXNativeTarget;
			buildConfigurationList = F100000003 /* Build configuration list for PBXNativeTarget "DailyIDo" */;
			buildPhases = (
				E100000002 /* Sources */,
				C100000001 /* Frameworks */,
				E100000003 /* Resources */,
			);
			buildRules = (
			);
			dependencies = (
			);
			name = DailyIDo;
			packageProductDependencies = (
				G100000001 /* Supabase */,
				G100000002 /* RevenueCat */,
				G100000003 /* SuperwallKit */,
				G100000004 /* Solar */,
			);
			productName = DailyIDo;
			productReference = B100000000 /* DailyIDo.app */;
			productType = "com.apple.product-type.application";
		};
/* End PBXNativeTarget section */

/* Begin PBXProject section */
		F100000001 /* Project object */ = {
			isa = PBXProject;
			attributes = {
				BuildIndependentTargetsInParallel = 1;
				LastSwiftUpdateCheck = 1500;
				LastUpgradeCheck = 1500;
				TargetAttributes = {
					E100000001 = {
						CreatedOnToolsVersion = 15.0;
					};
				};
			};
			buildConfigurationList = F100000002 /* Build configuration list for PBXProject "DailyIDo" */;
			compatibilityVersion = "Xcode 14.0";
			developmentRegion = en;
			hasScannedForEncodings = 0;
			knownRegions = (
				en,
				Base,
			);
			mainGroup = D100000001;
			packageReferences = (
				H100000001 /* XCRemoteSwiftPackageReference "supabase-swift" */,
				H100000002 /* XCRemoteSwiftPackageReference "purchases-ios" */,
				H100000003 /* XCRemoteSwiftPackageReference "Superwall-iOS" */,
				H100000004 /* XCRemoteSwiftPackageReference "Solar" */,
			);
			productRefGroup = D100000003 /* Products */;
			projectDirPath = "";
			projectRoot = "";
			targets = (
				E100000001 /* DailyIDo */,
			);
		};
/* End PBXProject section */

/* Begin PBXResourcesBuildPhase section */
		E100000003 /* Resources */ = {
			isa = PBXResourcesBuildPhase;
			buildActionMask = 2147483647;
			files = (
				0BE0DB812F0C179400E9A51F /* CormorantGaramond-Regular.ttf in Resources */,
				0B55C31C2F156CEF002450AC /* Configuration.storekit in Resources */,
				0BE0DB832F0C1E9D00E9A51F /* CormorantGaramond-Bold.ttf in Resources */,
				A100000048 /* Assets.xcassets in Resources */,
			);
			runOnlyForDeploymentPostprocessing = 0;
		};
/* End PBXResourcesBuildPhase section */

/* Begin PBXSourcesBuildPhase section */
		E100000002 /* Sources */ = {
			isa = PBXSourcesBuildPhase;
			buildActionMask = 2147483647;
			files = (
				A100000001 /* DailyIDoApp.swift in Sources */,
				A100000002 /* AppDelegate.swift in Sources */,
				A100000003 /* User.swift in Sources */,
				A100000004 /* Tip.swift in Sources */,
				A100000005 /* ChecklistItem.swift in Sources */,
				A100000006 /* RemotePopup.swift in Sources */,
				A100000007 /* AppConfig.swift in Sources */,
				A100000008 /* SupabaseService.swift in Sources */,
				A100000009 /* AuthService.swift in Sources */,
				A100000010 /* TipService.swift in Sources */,
				A100000011 /* StreakService.swift in Sources */,
				A100000060 /* RandomIllustrationService.swift in Sources */,
				A100000012 /* NotificationService.swift in Sources */,
				A100000013 /* LocationService.swift in Sources */,
				A100000014 /* SunsetService.swift in Sources */,
				A100000015 /* SubscriptionService.swift in Sources */,
				A100000016 /* Constants.swift in Sources */,
				A100000017 /* HapticManager.swift in Sources */,
				A100000018 /* DateHelpers.swift in Sources */,
				A100000019 /* OnboardingViewModel.swift in Sources */,
				A100000020 /* CalendarViewModel.swift in Sources */,
				A100000021 /* ChecklistViewModel.swift in Sources */,
				A100000022 /* SettingsViewModel.swift in Sources */,
				A100000023 /* PrimaryButton.swift in Sources */,
				A100000024 /* TextInputField.swift in Sources */,
				A100000025 /* LoadingSpinner.swift in Sources */,
				A100000026 /* CelebrationPopup.swift in Sources */,
				A100000027 /* RemotePopupView.swift in Sources */,
				A100000028 /* PlacesAutocomplete.swift in Sources */,
				A100000029 /* OnboardingContainerView.swift in Sources */,
				A100000030 /* WelcomeView.swift in Sources */,
				A100000031 /* NameInputView.swift in Sources */,
				A100000032 /* DatePickerView.swift in Sources */,
				A100000033 /* LocationInputView.swift in Sources */,
				A100000034 /* TentedQuestionView.swift in Sources */,
				A100000061 /* ReferralSourceView.swift in Sources */,
				A100000062 /* LongEngagementTutorialView.swift in Sources */,
				A100000036 /* NotificationPermissionView.swift in Sources */,
				A100000037 /* PreparednessView.swift in Sources */,
				A100000038 /* RatingRequestView.swift in Sources */,
				0B55C31E2F156E65002450AC /* RCPurchaseController.swift in Sources */,
				A100000039 /* LoadingView.swift in Sources */,
				A100000040 /* PlanRevealView.swift in Sources */,
				A100000041 /* CalendarView.swift in Sources */,
				A100000042 /* TipCardView.swift in Sources */,
				0B4152402F2AB30C0055B285 /* URLHelper.swift in Sources */,
				A100000043 /* TearAwayModifier.swift in Sources */,
				A100000044 /* ChecklistView.swift in Sources */,
				A100000045 /* ChecklistGroupView.swift in Sources */,
				A100000046 /* ChecklistItemView.swift in Sources */,
				A100000047 /* SettingsView.swift in Sources */,
				0B4152362F23F4AC0055B285 /* AnalyticsService.swift in Sources */,
				5F3DE165828436611C8A6F28 /* InstagramSharingService.swift in Sources */,
				E3E8E858039347BDFC0F3B4B /* MeetThePlannersView.swift in Sources */,
				E13FCC8D4C401ED648FF9D55 /* CouplePhotoUploadView.swift in Sources */,
				E88A57A002E8D4186534F7F6 /* TutorialView.swift in Sources */,
				49355FA825BDAF41A85C1C0B /* CachedAsyncImage.swift in Sources */,
				CC304584A069FE27C4B37244 /* IntroView.swift in Sources */,
				3CB56BB60F755C28E604E14E /* RemindersService.swift in Sources */,
				E4FF6B303C8130B0B3C84A87 /* FunTip.swift in Sources */,
			);
			runOnlyForDeploymentPostprocessing = 0;
		};
/* End PBXSourcesBuildPhase section */

/* Begin XCBuildConfiguration section */
		F100000004 /* Debug */ = {
			isa = XCBuildConfiguration;
			buildSettings = {
				ALWAYS_SEARCH_USER_PATHS = NO;
				ASSETCATALOG_COMPILER_GENERATE_SWIFT_ASSET_SYMBOL_EXTENSIONS = YES;
				CLANG_ANALYZER_NONNULL = YES;
				CLANG_ANALYZER_NUMBER_OBJECT_CONVERSION = YES_AGGRESSIVE;
				CLANG_CXX_LANGUAGE_STANDARD = "gnu++20";
				CLANG_ENABLE_MODULES = YES;
				CLANG_ENABLE_OBJC_ARC = YES;
				CLANG_ENABLE_OBJC_WEAK = YES;
				CLANG_WARN_BLOCK_CAPTURE_AUTORELEASING = YES;
				CLANG_WARN_BOOL_CONVERSION = YES;
				CLANG_WARN_COMMA = YES;
				CLANG_WARN_CONSTANT_CONVERSION = YES;
				CLANG_WARN_DEPRECATED_OBJC_IMPLEMENTATIONS = YES;
				CLANG_WARN_DIRECT_OBJC_ISA_USAGE = YES_ERROR;
				CLANG_WARN_DOCUMENTATION_COMMENTS = YES;
				CLANG_WARN_EMPTY_BODY = YES;
				CLANG_WARN_ENUM_CONVERSION = YES;
				CLANG_WARN_INFINITE_RECURSION = YES;
				CLANG_WARN_INT_CONVERSION = YES;
				CLANG_WARN_NON_LITERAL_NULL_CONVERSION = YES;
				CLANG_WARN_OBJC_IMPLICIT_RETAIN_SELF = YES;
				CLANG_WARN_OBJC_LITERAL_CONVERSION = YES;
				CLANG_WARN_OBJC_ROOT_CLASS = YES_ERROR;
				CLANG_WARN_QUOTED_INCLUDE_IN_FRAMEWORK_HEADER = YES;
				CLANG_WARN_RANGE_LOOP_ANALYSIS = YES;
				CLANG_WARN_STRICT_PROTOTYPES = YES;
				CLANG_WARN_SUSPICIOUS_MOVE = YES;
				CLANG_WARN_UNGUARDED_AVAILABILITY = YES_AGGRESSIVE;
				CLANG_WARN_UNREACHABLE_CODE = YES;
				CLANG_WARN__DUPLICATE_METHOD_MATCH = YES;
				COPY_PHASE_STRIP = NO;
				DEBUG_INFORMATION_FORMAT = dwarf;
				ENABLE_STRICT_OBJC_MSGSEND = YES;
				ENABLE_TESTABILITY = YES;
				ENABLE_USER_SCRIPT_SANDBOXING = YES;
				GCC_C_LANGUAGE_STANDARD = gnu17;
				GCC_DYNAMIC_NO_PIC = NO;
				GCC_NO_COMMON_BLOCKS = YES;
				GCC_OPTIMIZATION_LEVEL = 0;
				GCC_PREPROCESSOR_DEFINITIONS = (
					"DEBUG=1",
					"$(inherited)",
				);
				GCC_WARN_64_TO_32_BIT_CONVERSION = YES;
				GCC_WARN_ABOUT_RETURN_TYPE = YES_ERROR;
				GCC_WARN_UNDECLARED_SELECTOR = YES;
				GCC_WARN_UNINITIALIZED_AUTOS = YES_AGGRESSIVE;
				GCC_WARN_UNUSED_FUNCTION = YES;
				GCC_WARN_UNUSED_VARIABLE = YES;
				IPHONEOS_DEPLOYMENT_TARGET = 16.0;
				LOCALIZATION_PREFERS_STRING_CATALOGS = YES;
				MTL_ENABLE_DEBUG_INFO = INCLUDE_SOURCE;
				MTL_FAST_MATH = YES;
				ONLY_ACTIVE_ARCH = YES;
				SDKROOT = iphoneos;
				SWIFT_ACTIVE_COMPILATION_CONDITIONS = "DEBUG $(inherited)";
				SWIFT_OPTIMIZATION_LEVEL = "-Onone";
			};
			name = Debug;
		};
		F100000005 /* Release */ = {
			isa = XCBuildConfiguration;
			buildSettings = {
				ALWAYS_SEARCH_USER_PATHS = NO;
				ASSETCATALOG_COMPILER_GENERATE_SWIFT_ASSET_SYMBOL_EXTENSIONS = YES;
				CLANG_ANALYZER_NONNULL = YES;
				CLANG_ANALYZER_NUMBER_OBJECT_CONVERSION = YES_AGGRESSIVE;
				CLANG_CXX_LANGUAGE_STANDARD = "gnu++20";
				CLANG_ENABLE_MODULES = YES;
				CLANG_ENABLE_OBJC_ARC = YES;
				CLANG_ENABLE_OBJC_WEAK = YES;
				CLANG_WARN_BLOCK_CAPTURE_AUTORELEASING = YES;
				CLANG_WARN_BOOL_CONVERSION = YES;
				CLANG_WARN_COMMA = YES;
				CLANG_WARN_CONSTANT_CONVERSION = YES;
				CLANG_WARN_DEPRECATED_OBJC_IMPLEMENTATIONS = YES;
				CLANG_WARN_DIRECT_OBJC_ISA_USAGE = YES_ERROR;
				CLANG_WARN_DOCUMENTATION_COMMENTS = YES;
				CLANG_WARN_EMPTY_BODY = YES;
				CLANG_WARN_ENUM_CONVERSION = YES;
				CLANG_WARN_INFINITE_RECURSION = YES;
				CLANG_WARN_INT_CONVERSION = YES;
				CLANG_WARN_NON_LITERAL_NULL_CONVERSION = YES;
				CLANG_WARN_OBJC_IMPLICIT_RETAIN_SELF = YES;
				CLANG_WARN_OBJC_LITERAL_CONVERSION = YES;
				CLANG_WARN_OBJC_ROOT_CLASS = YES_ERROR;
				CLANG_WARN_QUOTED_INCLUDE_IN_FRAMEWORK_HEADER = YES;
				CLANG_WARN_RANGE_LOOP_ANALYSIS = YES;
				CLANG_WARN_STRICT_PROTOTYPES = YES;
				CLANG_WARN_SUSPICIOUS_MOVE = YES;
				CLANG_WARN_UNGUARDED_AVAILABILITY = YES_AGGRESSIVE;
				CLANG_WARN_UNREACHABLE_CODE = YES;
				CLANG_WARN__DUPLICATE_METHOD_MATCH = YES;
				COPY_PHASE_STRIP = NO;
				DEBUG_INFORMATION_FORMAT = "dwarf-with-dsym";
				ENABLE_NS_ASSERTIONS = NO;
				ENABLE_STRICT_OBJC_MSGSEND = YES;
				ENABLE_USER_SCRIPT_SANDBOXING = YES;
				GCC_C_LANGUAGE_STANDARD = gnu17;
				GCC_NO_COMMON_BLOCKS = YES;
				GCC_WARN_64_TO_32_BIT_CONVERSION = YES;
				GCC_WARN_ABOUT_RETURN_TYPE = YES_ERROR;
				GCC_WARN_UNDECLARED_SELECTOR = YES;
				GCC_WARN_UNINITIALIZED_AUTOS = YES_AGGRESSIVE;
				GCC_WARN_UNUSED_FUNCTION = YES;
				GCC_WARN_UNUSED_VARIABLE = YES;
				IPHONEOS_DEPLOYMENT_TARGET = 16.0;
				LOCALIZATION_PREFERS_STRING_CATALOGS = YES;
				MTL_ENABLE_DEBUG_INFO = NO;
				MTL_FAST_MATH = YES;
				SDKROOT = iphoneos;
				SWIFT_COMPILATION_MODE = wholemodule;
				VALIDATE_PRODUCT = YES;
			};
			name = Release;
		};
		F100000006 /* Debug */ = {
			isa = XCBuildConfiguration;
			buildSettings = {
				ASSETCATALOG_COMPILER_APPICON_NAME = AppIcon;
				ASSETCATALOG_COMPILER_GLOBAL_ACCENT_COLOR_NAME = AccentColor;
				ASSETCATALOG_COMPILER_INCLUDE_ALL_APPICON_ASSETS = NO;
				CODE_SIGN_STYLE = Automatic;
				CURRENT_PROJECT_VERSION = 20;
				DEVELOPMENT_ASSET_PATHS = "";
				DEVELOPMENT_TEAM = 5RRR83AS63;
				ENABLE_PREVIEWS = YES;
				GENERATE_INFOPLIST_FILE = YES;
				INFOPLIST_FILE = DailyIDo/Info.plist;
				INFOPLIST_KEY_NSLocationWhenInUseUsageDescription = "We use your location to provide accurate sunset times for your wedding day.";
				INFOPLIST_KEY_UIApplicationSupportsIndirectInputEvents = YES;
				INFOPLIST_KEY_UISupportedInterfaceOrientations = UIInterfaceOrientationPortrait;
				INFOPLIST_KEY_UISupportedInterfaceOrientations_iPad = "UIInterfaceOrientationPortrait UIInterfaceOrientationPortraitUpsideDown UIInterfaceOrientationLandscapeLeft UIInterfaceOrientationLandscapeRight";
				INFOPLIST_KEY_UISupportedInterfaceOrientations_iPhone = UIInterfaceOrientationPortrait;
				LD_RUNPATH_SEARCH_PATHS = (
					"$(inherited)",
					"@executable_path/Frameworks",
				);
				MARKETING_VERSION = 1.0;
				PRODUCT_BUNDLE_IDENTIFIER = com.dailyido.app;
				PRODUCT_NAME = "$(TARGET_NAME)";
				SWIFT_EMIT_LOC_STRINGS = YES;
				SWIFT_VERSION = 5.0;
				TARGETED_DEVICE_FAMILY = 1;
			};
			name = Debug;
		};
		F100000007 /* Release */ = {
			isa = XCBuildConfiguration;
			buildSettings = {
				ASSETCATALOG_COMPILER_APPICON_NAME = AppIcon;
				ASSETCATALOG_COMPILER_GLOBAL_ACCENT_COLOR_NAME = AccentColor;
				ASSETCATALOG_COMPILER_INCLUDE_ALL_APPICON_ASSETS = NO;
				CODE_SIGN_STYLE = Automatic;
				CURRENT_PROJECT_VERSION = 20;
				DEVELOPMENT_ASSET_PATHS = "";
				DEVELOPMENT_TEAM = 5RRR83AS63;
				ENABLE_PREVIEWS = YES;
				GENERATE_INFOPLIST_FILE = YES;
				INFOPLIST_FILE = DailyIDo/Info.plist;
				INFOPLIST_KEY_NSLocationWhenInUseUsageDescription = "We use your location to provide accurate sunset times for your wedding day.";
				INFOPLIST_KEY_UIApplicationSupportsIndirectInputEvents = YES;
				INFOPLIST_KEY_UISupportedInterfaceOrientations = UIInterfaceOrientationPortrait;
				INFOPLIST_KEY_UISupportedInterfaceOrientations_iPad = "UIInterfaceOrientationPortrait UIInterfaceOrientationPortraitUpsideDown UIInterfaceOrientationLandscapeLeft UIInterfaceOrientationLandscapeRight";
				INFOPLIST_KEY_UISupportedInterfaceOrientations_iPhone = UIInterfaceOrientationPortrait;
				LD_RUNPATH_SEARCH_PATHS = (
					"$(inherited)",
					"@executable_path/Frameworks",
				);
				MARKETING_VERSION = 1.0;
				PRODUCT_BUNDLE_IDENTIFIER = com.dailyido.app;
				PRODUCT_NAME = "$(TARGET_NAME)";
				SWIFT_EMIT_LOC_STRINGS = YES;
				SWIFT_VERSION = 5.0;
				TARGETED_DEVICE_FAMILY = 1;
			};
			name = Release;
		};
/* End XCBuildConfiguration section */

/* Begin XCConfigurationList section */
		F100000002 /* Build configuration list for PBXProject "DailyIDo" */ = {
			isa = XCConfigurationList;
			buildConfigurations = (
				F100000004 /* Debug */,
				F100000005 /* Release */,
			);
			defaultConfigurationIsVisible = 0;
			defaultConfigurationName = Release;
		};
		F100000003 /* Build configuration list for PBXNativeTarget "DailyIDo" */ = {
			isa = XCConfigurationList;
			buildConfigurations = (
				F100000006 /* Debug */,
				F100000007 /* Release */,
			);
			defaultConfigurationIsVisible = 0;
			defaultConfigurationName = Release;
		};
/* End XCConfigurationList section */

/* Begin XCRemoteSwiftPackageReference section */
		H100000001 /* XCRemoteSwiftPackageReference "supabase-swift" */ = {
			isa = XCRemoteSwiftPackageReference;
			repositoryURL = "https://github.com/supabase/supabase-swift";
			requirement = {
				kind = upToNextMajorVersion;
				minimumVersion = 2.0.0;
			};
		};
		H100000002 /* XCRemoteSwiftPackageReference "purchases-ios" */ = {
			isa = XCRemoteSwiftPackageReference;
			repositoryURL = "https://github.com/RevenueCat/purchases-ios";
			requirement = {
				kind = upToNextMajorVersion;
				minimumVersion = 4.0.0;
			};
		};
		H100000003 /* XCRemoteSwiftPackageReference "Superwall-iOS" */ = {
			isa = XCRemoteSwiftPackageReference;
			repositoryURL = "https://github.com/superwall-me/Superwall-iOS";
			requirement = {
				kind = upToNextMajorVersion;
				minimumVersion = 3.0.0;
			};
		};
		H100000004 /* XCRemoteSwiftPackageReference "Solar" */ = {
			isa = XCRemoteSwiftPackageReference;
			repositoryURL = "https://github.com/ceeK/Solar";
			requirement = {
				kind = upToNextMajorVersion;
				minimumVersion = 3.0.0;
			};
		};
/* End XCRemoteSwiftPackageReference section */

/* Begin XCSwiftPackageProductDependency section */
		G100000001 /* Supabase */ = {
			isa = XCSwiftPackageProductDependency;
			package = H100000001 /* XCRemoteSwiftPackageReference "supabase-swift" */;
			productName = Supabase;
		};
		G100000002 /* RevenueCat */ = {
			isa = XCSwiftPackageProductDependency;
			package = H100000002 /* XCRemoteSwiftPackageReference "purchases-ios" */;
			productName = RevenueCat;
		};
		G100000003 /* SuperwallKit */ = {
			isa = XCSwiftPackageProductDependency;
			package = H100000003 /* XCRemoteSwiftPackageReference "Superwall-iOS" */;
			productName = SuperwallKit;
		};
		G100000004 /* Solar */ = {
			isa = XCSwiftPackageProductDependency;
			package = H100000004 /* XCRemoteSwiftPackageReference "Solar" */;
			productName = Solar;
		};
/* End XCSwiftPackageProductDependency section */
	};
	rootObject = F100000001 /* Project object */;
}
